// !$*UTF8*$!
{
	archiveVersion = 1;
	classes = {
	};
	objectVersion = 46;
	objects = {

/* Begin PBXBuildFile section */
		D2BC1B801A4EF1B000B19963 /* AppDelegate.swift in Sources */ = {isa = PBXBuildFile; fileRef = D2BC1B7F1A4EF1B000B19963 /* AppDelegate.swift */; };
		D2BC1B821A4EF1B000B19963 /* ViewController.swift in Sources */ = {isa = PBXBuildFile; fileRef = D2BC1B811A4EF1B000B19963 /* ViewController.swift */; };
		D2BC1B851A4EF1B000B19963 /* Main.storyboard in Resources */ = {isa = PBXBuildFile; fileRef = D2BC1B831A4EF1B000B19963 /* Main.storyboard */; };
		D2BC1B871A4EF1B000B19963 /* Images.xcassets in Resources */ = {isa = PBXBuildFile; fileRef = D2BC1B861A4EF1B000B19963 /* Images.xcassets */; };
		D2BC1B8A1A4EF1B000B19963 /* LaunchScreen.xib in Resources */ = {isa = PBXBuildFile; fileRef = D2BC1B881A4EF1B000B19963 /* LaunchScreen.xib */; };
		D2BC1B961A4EF1B000B19963 /* login_screenTests.swift in Sources */ = {isa = PBXBuildFile; fileRef = D2BC1B951A4EF1B000B19963 /* login_screenTests.swift */; };
/* End PBXBuildFile section */

/* Begin PBXContainerItemProxy section */
		D2BC1B901A4EF1B000B19963 /* PBXContainerItemProxy */ = {
			isa = PBXContainerItemProxy;
			containerPortal = D2BC1B721A4EF1B000B19963 /* Project object */;
			proxyType = 1;
			remoteGlobalIDString = D2BC1B791A4EF1B000B19963;
			remoteInfo = "login-screen";
		};
/* End PBXContainerItemProxy section */

/* Begin PBXFileReference section */
		D2BC1B7A1A4EF1B000B19963 /* login-screen.app */ = {isa = PBXFileReference; explicitFileType = wrapper.application; includeInIndex = 0; path = "login-screen.app"; sourceTree = BUILT_PRODUCTS_DIR; };
		D2BC1B7E1A4EF1B000B19963 /* Info.plist */ = {isa = PBXFileReference; lastKnownFileType = text.plist.xml; path = Info.plist; sourceTree = "<group>"; };
		D2BC1B7F1A4EF1B000B19963 /* AppDelegate.swift */ = {isa = PBXFileReference; lastKnownFileType = sourcecode.swift; path = AppDelegate.swift; sourceTree = "<group>"; };
		D2BC1B811A4EF1B000B19963 /* ViewController.swift */ = {isa = PBXFileReference; lastKnownFileType = sourcecode.swift; path = ViewController.swift; sourceTree = "<group>"; };
		D2BC1B841A4EF1B000B19963 /* Base */ = {isa = PBXFileReference; lastKnownFileType = file.storyboard; name = Base; path = Base.lproj/Main.storyboard; sourceTree = "<group>"; };
		D2BC1B861A4EF1B000B19963 /* Images.xcassets */ = {isa = PBXFileReference; lastKnownFileType = folder.assetcatalog; path = Images.xcassets; sourceTree = "<group>"; };
		D2BC1B891A4EF1B000B19963 /* Base */ = {isa = PBXFileReference; lastKnownFileType = file.xib; name = Base; path = Base.lproj/LaunchScreen.xib; sourceTree = "<group>"; };
		D2BC1B8F1A4EF1B000B19963 /* login-screenTests.xctest */ = {isa = PBXFileReference; explicitFileType = wrapper.cfbundle; includeInIndex = 0; path = "login-screenTests.xctest"; sourceTree = BUILT_PRODUCTS_DIR; };
		D2BC1B941A4EF1B000B19963 /* Info.plist */ = {isa = PBXFileReference; lastKnownFileType = text.plist.xml; path = Info.plist; sourceTree = "<group>"; };
		D2BC1B951A4EF1B000B19963 /* login_screenTests.swift */ = {isa = PBXFileReference; lastKnownFileType = sourcecode.swift; path = login_screenTests.swift; sourceTree = "<group>"; };
/* End PBXFileReference section */

/* Begin PBXFrameworksBuildPhase section */
		D2BC1B771A4EF1B000B19963 /* Frameworks */ = {
			isa = PBXFrameworksBuildPhase;
			buildActionMask = 2147483647;
			files = (
			);
			runOnlyForDeploymentPostprocessing = 0;
		};
		D2BC1B8C1A4EF1B000B19963 /* Frameworks */ = {
			isa = PBXFrameworksBuildPhase;
			buildActionMask = 2147483647;
			files = (
			);
			runOnlyForDeploymentPostprocessing = 0;
		};
/* End PBXFrameworksBuildPhase section */

/* Begin PBXGroup section */
		D2BC1B711A4EF1B000B19963 = {
			isa = PBXGroup;
			children = (
				D2BC1B7C1A4EF1B000B19963 /* login-screen */,
				D2BC1B921A4EF1B000B19963 /* login-screenTests */,
				D2BC1B7B1A4EF1B000B19963 /* Products */,
			);
			sourceTree = "<group>";
		};
		D2BC1B7B1A4EF1B000B19963 /* Products */ = {
			isa = PBXGroup;
			children = (
				D2BC1B7A1A4EF1B000B19963 /* login-screen.app */,
				D2BC1B8F1A4EF1B000B19963 /* login-screenTests.xctest */,
			);
			name = Products;
			sourceTree = "<group>";
		};
		D2BC1B7C1A4EF1B000B19963 /* login-screen */ = {
			isa = PBXGroup;
			children = (
				D2BC1B7F1A4EF1B000B19963 /* AppDelegate.swift */,
				D2BC1B811A4EF1B000B19963 /* ViewController.swift */,
				D2BC1B831A4EF1B000B19963 /* Main.storyboard */,
				D2BC1B861A4EF1B000B19963 /* Images.xcassets */,
				D2BC1B881A4EF1B000B19963 /* LaunchScreen.xib */,
				D2BC1B7D1A4EF1B000B19963 /* Supporting Files */,
			);
			path = "login-screen";
			sourceTree = "<group>";
		};
		D2BC1B7D1A4EF1B000B19963 /* Supporting Files */ = {
			isa = PBXGroup;
			children = (
				D2BC1B7E1A4EF1B000B19963 /* Info.plist */,
			);
			name = "Supporting Files";
			sourceTree = "<group>";
		};
		D2BC1B921A4EF1B000B19963 /* login-screenTests */ = {
			isa = PBXGroup;
			children = (
				D2BC1B951A4EF1B000B19963 /* login_screenTests.swift */,
				D2BC1B931A4EF1B000B19963 /* Supporting Files */,
			);
			path = "login-screenTests";
			sourceTree = "<group>";
		};
		D2BC1B931A4EF1B000B19963 /* Supporting Files */ = {
			isa = PBXGroup;
			children = (
				D2BC1B941A4EF1B000B19963 /* Info.plist */,
			);
			name = "Supporting Files";
			sourceTree = "<group>";
		};
/* End PBXGroup section */

/* Begin PBXNativeTarget section */
		D2BC1B791A4EF1B000B19963 /* login-screen */ = {
			isa = PBXNativeTarget;
			buildConfigurationList = D2BC1B991A4EF1B000B19963 /* Build configuration list for PBXNativeTarget "login-screen" */;
			buildPhases = (
				D2BC1B761A4EF1B000B19963 /* Sources */,
				D2BC1B771A4EF1B000B19963 /* Frameworks */,
				D2BC1B781A4EF1B000B19963 /* Resources */,
			);
			buildRules = (
			);
			dependencies = (
			);
			name = "login-screen";
			productName = "login-screen";
			productReference = D2BC1B7A1A4EF1B000B19963 /* login-screen.app */;
			productType = "com.apple.product-type.application";
		};
		D2BC1B8E1A4EF1B000B19963 /* login-screenTests */ = {
			isa = PBXNativeTarget;
			buildConfigurationList = D2BC1B9C1A4EF1B000B19963 /* Build configuration list for PBXNativeTarget "login-screenTests" */;
			buildPhases = (
				D2BC1B8B1A4EF1B000B19963 /* Sources */,
				D2BC1B8C1A4EF1B000B19963 /* Frameworks */,
				D2BC1B8D1A4EF1B000B19963 /* Resources */,
			);
			buildRules = (
			);
			dependencies = (
				D2BC1B911A4EF1B000B19963 /* PBXTargetDependency */,
			);
			name = "login-screenTests";
			productName = "login-screenTests";
			productReference = D2BC1B8F1A4EF1B000B19963 /* login-screenTests.xctest */;
			productType = "com.apple.product-type.bundle.unit-test";
		};
/* End PBXNativeTarget section */

/* Begin PBXProject section */
		D2BC1B721A4EF1B000B19963 /* Project object */ = {
			isa = PBXProject;
			attributes = {
				LastUpgradeCheck = 0610;
				ORGANIZATIONNAME = "Dnyanada Panchbhaiyye";
				TargetAttributes = {
					D2BC1B791A4EF1B000B19963 = {
						CreatedOnToolsVersion = 6.1.1;
					};
					D2BC1B8E1A4EF1B000B19963 = {
						CreatedOnToolsVersion = 6.1.1;
						TestTargetID = D2BC1B791A4EF1B000B19963;
					};
				};
			};
			buildConfigurationList = D2BC1B751A4EF1B000B19963 /* Build configuration list for PBXProject "login-screen" */;
			compatibilityVersion = "Xcode 3.2";
			developmentRegion = English;
			hasScannedForEncodings = 0;
			knownRegions = (
				en,
				Base,
			);
			mainGroup = D2BC1B711A4EF1B000B19963;
			productRefGroup = D2BC1B7B1A4EF1B000B19963 /* Products */;
			projectDirPath = "";
			projectRoot = "";
			targets = (
				D2BC1B791A4EF1B000B19963 /* login-screen */,
				D2BC1B8E1A4EF1B000B19963 /* login-screenTests */,
			);
		};
/* End PBXProject section */

/* Begin PBXResourcesBuildPhase section */
		D2BC1B781A4EF1B000B19963 /* Resources */ = {
			isa = PBXResourcesBuildPhase;
			buildActionMask = 2147483647;
			files = (
				D2BC1B851A4EF1B000B19963 /* Main.storyboard in Resources */,
				D2BC1B8A1A4EF1B000B19963 /* LaunchScreen.xib in Resources */,
				D2BC1B871A4EF1B000B19963 /* Images.xcassets in Resources */,
			);
			runOnlyForDeploymentPostprocessing = 0;
		};
		D2BC1B8D1A4EF1B000B19963 /* Resources */ = {
			isa = PBXResourcesBuildPhase;
			buildActionMask = 2147483647;
			files = (
			);
			runOnlyForDeploymentPostprocessing = 0;
		};
/* End PBXResourcesBuildPhase section */

/* Begin PBXSourcesBuildPhase section */
		D2BC1B761A4EF1B000B19963 /* Sources */ = {
			isa = PBXSourcesBuildPhase;
			buildActionMask = 2147483647;
			files = (
				D2BC1B821A4EF1B000B19963 /* ViewController.swift in Sources */,
				D2BC1B801A4EF1B000B19963 /* AppDelegate.swift in Sources */,
			);
			runOnlyForDeploymentPostprocessing = 0;
		};
		D2BC1B8B1A4EF1B000B19963 /* Sources */ = {
			isa = PBXSourcesBuildPhase;
			buildActionMask = 2147483647;
			files = (
				D2BC1B961A4EF1B000B19963 /* login_screenTests.swift in Sources */,
			);
			runOnlyForDeploymentPostprocessing = 0;
		};
/* End PBXSourcesBuildPhase section */

/* Begin PBXTargetDependency section */
		D2BC1B911A4EF1B000B19963 /* PBXTargetDependency */ = {
			isa = PBXTargetDependency;
			target = D2BC1B791A4EF1B000B19963 /* login-screen */;
			targetProxy = D2BC1B901A4EF1B000B19963 /* PBXContainerItemProxy */;
		};
/* End PBXTargetDependency section */

/* Begin PBXVariantGroup section */
		D2BC1B831A4EF1B000B19963 /* Main.storyboard */ = {
			isa = PBXVariantGroup;
			children = (
				D2BC1B841A4EF1B000B19963 /* Base */,
			);
			name = Main.storyboard;
			sourceTree = "<group>";
		};
		D2BC1B881A4EF1B000B19963 /* LaunchScreen.xib */ = {
			isa = PBXVariantGroup;
			children = (
				D2BC1B891A4EF1B000B19963 /* Base */,
			);
			name = LaunchScreen.xib;
			sourceTree = "<group>";
		};
/* End PBXVariantGroup section */

/* Begin XCBuildConfiguration section */
		D2BC1B971A4EF1B000B19963 /* Debug */ = {
			isa = XCBuildConfiguration;
			buildSettings = {
				ALWAYS_SEARCH_USER_PATHS = NO;
				CLANG_CXX_LANGUAGE_STANDARD = "gnu++0x";
				CLANG_CXX_LIBRARY = "libc++";
				CLANG_ENABLE_MODULES = YES;
				CLANG_ENABLE_OBJC_ARC = YES;
				CLANG_WARN_BOOL_CONVERSION = YES;
				CLANG_WARN_CONSTANT_CONVERSION = YES;
				CLANG_WARN_DIRECT_OBJC_ISA_USAGE = YES_ERROR;
				CLANG_WARN_EMPTY_BODY = YES;
				CLANG_WARN_ENUM_CONVERSION = YES;
				CLANG_WARN_INT_CONVERSION = YES;
				CLANG_WARN_OBJC_ROOT_CLASS = YES_ERROR;
				CLANG_WARN_UNREACHABLE_CODE = YES;
				CLANG_WARN__DUPLICATE_METHOD_MATCH = YES;
				"CODE_SIGN_IDENTITY[sdk=iphoneos*]" = "iPhone Developer";
				COPY_PHASE_STRIP = NO;
				ENABLE_STRICT_OBJC_MSGSEND = YES;
				GCC_C_LANGUAGE_STANDARD = gnu99;
				GCC_DYNAMIC_NO_PIC = NO;
				GCC_OPTIMIZATION_LEVEL = 0;
				GCC_PREPROCESSOR_DEFINITIONS = (
					"DEBUG=1",
					"$(inherited)",
				);
				GCC_SYMBOLS_PRIVATE_EXTERN = NO;
				GCC_WARN_64_TO_32_BIT_CONVERSION = YES;
				GCC_WARN_ABOUT_RETURN_TYPE = YES_ERROR;
				GCC_WARN_UNDECLARED_SELECTOR = YES;
				GCC_WARN_UNINITIALIZED_AUTOS = YES_AGGRESSIVE;
				GCC_WARN_UNUSED_FUNCTION = YES;
				GCC_WARN_UNUSED_VARIABLE = YES;
				IPHONEOS_DEPLOYMENT_TARGET = 8.1;
				MTL_ENABLE_DEBUG_INFO = YES;
				ONLY_ACTIVE_ARCH = YES;
				SDKROOT = iphoneos;
				SWIFT_OPTIMIZATION_LEVEL = "-Onone";
			};
			name = Debug;
		};
		D2BC1B981A4EF1B000B19963 /* Release */ = {
			isa = XCBuildConfiguration;
			buildSettings = {
				ALWAYS_SEARCH_USER_PATHS = NO;
				CLANG_CXX_LANGUAGE_STANDARD = "gnu++0x";
				CLANG_CXX_LIBRARY = "libc++";
				CLANG_ENABLE_MODULES = YES;
				CLANG_ENABLE_OBJC_ARC = YES;
				CLANG_WARN_BOOL_CONVERSION = YES;
				CLANG_WARN_CONSTANT_CONVERSION = YES;
				CLANG_WARN_DIRECT_OBJC_ISA_USAGE = YES_ERROR;
				CLANG_WARN_EMPTY_BODY = YES;
				CLANG_WARN_ENUM_CONVERSION = YES;
				CLANG_WARN_INT_CONVERSION = YES;
				CLANG_WARN_OBJC_ROOT_CLASS = YES_ERROR;
				CLANG_WARN_UNREACHABLE_CODE = YES;
				CLANG_WARN__DUPLICATE_METHOD_MATCH = YES;
				"CODE_SIGN_IDENTITY[sdk=iphoneos*]" = "iPhone Developer";
				COPY_PHASE_STRIP = YES;
				ENABLE_NS_ASSERTIONS = NO;
				ENABLE_STRICT_OBJC_MSGSEND = YES;
				GCC_C_LANGUAGE_STANDARD = gnu99;
				GCC_WARN_64_TO_32_BIT_CONVERSION = YES;
				GCC_WARN_ABOUT_RETURN_TYPE = YES_ERROR;
				GCC_WARN_UNDECLARED_SELECTOR = YES;
				GCC_WARN_UNINITIALIZED_AUTOS = YES_AGGRESSIVE;
				GCC_WARN_UNUSED_FUNCTION = YES;
				GCC_WARN_UNUSED_VARIABLE = YES;
				IPHONEOS_DEPLOYMENT_TARGET = 8.1;
				MTL_ENABLE_DEBUG_INFO = NO;
				SDKROOT = iphoneos;
				VALIDATE_PRODUCT = YES;
			};
			name = Release;
		};
		D2BC1B9A1A4EF1B000B19963 /* Debug */ = {
			isa = XCBuildConfiguration;
			buildSettings = {
				ASSETCATALOG_COMPILER_APPICON_NAME = AppIcon;
				INFOPLIST_FILE = "login-screen/Info.plist";
				LD_RUNPATH_SEARCH_PATHS = "$(inherited) @executable_path/Frameworks";
				PRODUCT_NAME = "$(TARGET_NAME)";
			};
			name = Debug;
		};
		D2BC1B9B1A4EF1B000B19963 /* Release */ = {
			isa = XCBuildConfiguration;
			buildSettings = {
				ASSETCATALOG_COMPILER_APPICON_NAME = AppIcon;
				INFOPLIST_FILE = "login-screen/Info.plist";
				LD_RUNPATH_SEARCH_PATHS = "$(inherited) @executable_path/Frameworks";
				PRODUCT_NAME = "$(TARGET_NAME)";
			};
			name = Release;
		};
		D2BC1B9D1A4EF1B000B19963 /* Debug */ = {
			isa = XCBuildConfiguration;
			buildSettings = {
				BUNDLE_LOADER = "$(TEST_HOST)";
				FRAMEWORK_SEARCH_PATHS = (
					"$(SDKROOT)/Developer/Library/Frameworks",
					"$(inherited)",
				);
				GCC_PREPROCESSOR_DEFINITIONS = (
					"DEBUG=1",
					"$(inherited)",
				);
				INFOPLIST_FILE = "login-screenTests/Info.plist";
				LD_RUNPATH_SEARCH_PATHS = "$(inherited) @executable_path/Frameworks @loader_path/Frameworks";
				PRODUCT_NAME = "$(TARGET_NAME)";
				TEST_HOST = "$(BUILT_PRODUCTS_DIR)/login-screen.app/login-screen";
			};
			name = Debug;
		};
		D2BC1B9E1A4EF1B000B19963 /* Release */ = {
			isa = XCBuildConfiguration;
			buildSettings = {
				BUNDLE_LOADER = "$(TEST_HOST)";
				FRAMEWORK_SEARCH_PATHS = (
					"$(SDKROOT)/Developer/Library/Frameworks",
					"$(inherited)",
				);
				INFOPLIST_FILE = "login-screenTests/Info.plist";
				LD_RUNPATH_SEARCH_PATHS = "$(inherited) @executable_path/Frameworks @loader_path/Frameworks";
				PRODUCT_NAME = "$(TARGET_NAME)";
				TEST_HOST = "$(BUILT_PRODUCTS_DIR)/login-screen.app/login-screen";
			};
			name = Release;
		};
/* End XCBuildConfiguration section */

/* Begin XCConfigurationList section */
		D2BC1B751A4EF1B000B19963 /* Build configuration list for PBXProject "login-screen" */ = {
			isa = XCConfigurationList;
			buildConfigurations = (
				D2BC1B971A4EF1B000B19963 /* Debug */,
				D2BC1B981A4EF1B000B19963 /* Release */,
			);
			defaultConfigurationIsVisible = 0;
			defaultConfigurationName = Release;
		};
		D2BC1B991A4EF1B000B19963 /* Build configuration list for PBXNativeTarget "login-screen" */ = {
			isa = XCConfigurationList;
			buildConfigurations = (
				D2BC1B9A1A4EF1B000B19963 /* Debug */,
				D2BC1B9B1A4EF1B000B19963 /* Release */,
			);
			defaultConfigurationIsVisible = 0;
		};
		D2BC1B9C1A4EF1B000B19963 /* Build configuration list for PBXNativeTarget "login-screenTests" */ = {
			isa = XCConfigurationList;
			buildConfigurations = (
				D2BC1B9D1A4EF1B000B19963 /* Debug */,
				D2BC1B9E1A4EF1B000B19963 /* Release */,
			);
			defaultConfigurationIsVisible = 0;
		};
/* End XCConfigurationList section */
	};
	rootObject = D2BC1B721A4EF1B000B19963 /* Project object */;
}
